// !$*UTF8*$!
{
	archiveVersion = 1;
	classes = {
	};
	objectVersion = 77;
	objects = {

/* Begin PBXBuildFile section */
		2159F4AA2CFDFDA1006DEAA7 /* Preview Assets.xcassets in Resources */ = {isa = PBXBuildFile; fileRef = 2159F4A32CFDFDA1006DEAA7 /* Preview Assets.xcassets */; };
		2159F4AB2CFDFDA1006DEAA7 /* Assets.xcassets in Resources */ = {isa = PBXBuildFile; fileRef = 2159F4A52CFDFDA1006DEAA7 /* Assets.xcassets */; };
		2159F4AC2CFDFDA1006DEAA7 /* FormView.swift in Sources */ = {isa = PBXBuildFile; fileRef = 2159F4A62CFDFDA1006DEAA7 /* FormView.swift */; };
		2159F4AD2CFDFDA1006DEAA7 /* WeatherData.swift in Sources */ = {isa = PBXBuildFile; fileRef = 2159F4A72CFDFDA1006DEAA7 /* WeatherData.swift */; };
		2159F4AE2CFDFDA1006DEAA7 /* Swift_OpenWeatherApp.swift in Sources */ = {isa = PBXBuildFile; fileRef = 2159F4A82CFDFDA1006DEAA7 /* Swift_OpenWeatherApp.swift */; };
		2159F4B42CFDFE9C006DEAA7 /* HomeView.swift in Sources */ = {isa = PBXBuildFile; fileRef = 2159F4B32CFDFE9C006DEAA7 /* HomeView.swift */; };
		2159F4BF2CFE06E0006DEAA7 /* FormViewModel.swift in Sources */ = {isa = PBXBuildFile; fileRef = 2159F4BE2CFE06DD006DEAA7 /* FormViewModel.swift */; };
		2159F4C22CFE07B2006DEAA7 /* WeatherService.swift in Sources */ = {isa = PBXBuildFile; fileRef = 2159F4C12CFE07AC006DEAA7 /* WeatherService.swift */; };
		2159F4CB2CFE0AFC006DEAA7 /* HomeViewModel.swift in Sources */ = {isa = PBXBuildFile; fileRef = 2159F4CA2CFE0AF9006DEAA7 /* HomeViewModel.swift */; };
		2159F4CD2CFE2C7D006DEAA7 /* ForecastData.swift in Sources */ = {isa = PBXBuildFile; fileRef = 2159F4CC2CFE2C75006DEAA7 /* ForecastData.swift */; };
/* End PBXBuildFile section */

/* Begin PBXFileReference section */
		2159F4902CFDFD95006DEAA7 /* Swift_OpenWeather.app */ = {isa = PBXFileReference; explicitFileType = wrapper.application; includeInIndex = 0; path = Swift_OpenWeather.app; sourceTree = BUILT_PRODUCTS_DIR; };
		2159F4A32CFDFDA1006DEAA7 /* Preview Assets.xcassets */ = {isa = PBXFileReference; lastKnownFileType = folder.assetcatalog; path = "Preview Assets.xcassets"; sourceTree = "<group>"; };
		2159F4A52CFDFDA1006DEAA7 /* Assets.xcassets */ = {isa = PBXFileReference; lastKnownFileType = folder.assetcatalog; path = Assets.xcassets; sourceTree = "<group>"; };
		2159F4A62CFDFDA1006DEAA7 /* FormView.swift */ = {isa = PBXFileReference; lastKnownFileType = sourcecode.swift; path = FormView.swift; sourceTree = "<group>"; };
		2159F4A72CFDFDA1006DEAA7 /* WeatherData.swift */ = {isa = PBXFileReference; lastKnownFileType = sourcecode.swift; path = WeatherData.swift; sourceTree = "<group>"; };
		2159F4A82CFDFDA1006DEAA7 /* Swift_OpenWeatherApp.swift */ = {isa = PBXFileReference; lastKnownFileType = sourcecode.swift; path = Swift_OpenWeatherApp.swift; sourceTree = "<group>"; };
		2159F4B32CFDFE9C006DEAA7 /* HomeView.swift */ = {isa = PBXFileReference; lastKnownFileType = sourcecode.swift; path = HomeView.swift; sourceTree = "<group>"; };
		2159F4BE2CFE06DD006DEAA7 /* FormViewModel.swift */ = {isa = PBXFileReference; lastKnownFileType = sourcecode.swift; path = FormViewModel.swift; sourceTree = "<group>"; };
		2159F4C12CFE07AC006DEAA7 /* WeatherService.swift */ = {isa = PBXFileReference; lastKnownFileType = sourcecode.swift; path = WeatherService.swift; sourceTree = "<group>"; };
		2159F4CA2CFE0AF9006DEAA7 /* HomeViewModel.swift */ = {isa = PBXFileReference; lastKnownFileType = sourcecode.swift; path = HomeViewModel.swift; sourceTree = "<group>"; };
		2159F4CC2CFE2C75006DEAA7 /* ForecastData.swift */ = {isa = PBXFileReference; lastKnownFileType = sourcecode.swift; path = ForecastData.swift; sourceTree = "<group>"; };
/* End PBXFileReference section */

/* Begin PBXFrameworksBuildPhase section */
		2159F48D2CFDFD95006DEAA7 /* Frameworks */ = {
			isa = PBXFrameworksBuildPhase;
			buildActionMask = 2147483647;
			files = (
			);
			runOnlyForDeploymentPostprocessing = 0;
		};
/* End PBXFrameworksBuildPhase section */

/* Begin PBXGroup section */
		2159F4872CFDFD95006DEAA7 = {
			isa = PBXGroup;
			children = (
				2159F4A92CFDFDA1006DEAA7 /* Swift_OpenWeather */,
				2159F4912CFDFD95006DEAA7 /* Products */,
			);
			sourceTree = "<group>";
		};
		2159F4912CFDFD95006DEAA7 /* Products */ = {
			isa = PBXGroup;
			children = (
				2159F4902CFDFD95006DEAA7 /* Swift_OpenWeather.app */,
			);
			name = Products;
			sourceTree = "<group>";
		};
		2159F4A42CFDFDA1006DEAA7 /* Preview Content */ = {
			isa = PBXGroup;
			children = (
				2159F4A32CFDFDA1006DEAA7 /* Preview Assets.xcassets */,
			);
			path = "Preview Content";
			sourceTree = "<group>";
		};
		2159F4A92CFDFDA1006DEAA7 /* Swift_OpenWeather */ = {
			isa = PBXGroup;
			children = (
				2159F4A82CFDFDA1006DEAA7 /* Swift_OpenWeatherApp.swift */,
				2159F4AF2CFDFDF4006DEAA7 /* Data */,
				2159F4B02CFDFDF9006DEAA7 /* Domain */,
				2159F4B12CFDFDFE006DEAA7 /* Presentation */,
				2159F4A52CFDFDA1006DEAA7 /* Assets.xcassets */,
				2159F4A42CFDFDA1006DEAA7 /* Preview Content */,
			);
			path = Swift_OpenWeather;
			sourceTree = "<group>";
		};
		2159F4AF2CFDFDF4006DEAA7 /* Data */ = {
			isa = PBXGroup;
			children = (
				2159F4C82CFE0AA8006DEAA7 /* Models */,
				2159F4C52CFE0802006DEAA7 /* Repositories */,
			);
			path = Data;
			sourceTree = "<group>";
		};
		2159F4B02CFDFDF9006DEAA7 /* Domain */ = {
			isa = PBXGroup;
			children = (
				2159F4C62CFE084E006DEAA7 /* UseCases */,
				2159F4C72CFE0856006DEAA7 /* Entities */,
			);
			path = Domain;
			sourceTree = "<group>";
		};
		2159F4B12CFDFDFE006DEAA7 /* Presentation */ = {
			isa = PBXGroup;
			children = (
				2159F4B22CFDFE33006DEAA7 /* Screens */,
				2159F4B92CFDFEFB006DEAA7 /* Components */,
			);
			path = Presentation;
			sourceTree = "<group>";
		};
		2159F4B22CFDFE33006DEAA7 /* Screens */ = {
			isa = PBXGroup;
			children = (
				2159F4C92CFE0AE4006DEAA7 /* Home */,
				2159F4CE2CFF5A8E006DEAA7 /* Form */,
			);
			path = Screens;
			sourceTree = "<group>";
		};
		2159F4B92CFDFEFB006DEAA7 /* Components */ = {
			isa = PBXGroup;
			children = (
			);
			path = Components;
			sourceTree = "<group>";
		};
		2159F4C52CFE0802006DEAA7 /* Repositories */ = {
			isa = PBXGroup;
			children = (
				2159F4C12CFE07AC006DEAA7 /* WeatherService.swift */,
			);
			path = Repositories;
			sourceTree = "<group>";
		};
		2159F4C62CFE084E006DEAA7 /* UseCases */ = {
			isa = PBXGroup;
			children = (
			);
			path = UseCases;
			sourceTree = "<group>";
		};
		2159F4C72CFE0856006DEAA7 /* Entities */ = {
			isa = PBXGroup;
			children = (
			);
			path = Entities;
			sourceTree = "<group>";
		};
		2159F4C82CFE0AA8006DEAA7 /* Models */ = {
			isa = PBXGroup;
			children = (
				2159F4CC2CFE2C75006DEAA7 /* ForecastData.swift */,
				2159F4A72CFDFDA1006DEAA7 /* WeatherData.swift */,
			);
			path = Models;
			sourceTree = "<group>";
		};
		2159F4C92CFE0AE4006DEAA7 /* Home */ = {
			isa = PBXGroup;
			children = (
				2159F4B32CFDFE9C006DEAA7 /* HomeView.swift */,
				2159F4CA2CFE0AF9006DEAA7 /* HomeViewModel.swift */,
			);
			path = Home;
			sourceTree = "<group>";
		};
		2159F4CE2CFF5A8E006DEAA7 /* Form */ = {
			isa = PBXGroup;
			children = (
				2159F4A62CFDFDA1006DEAA7 /* FormView.swift */,
				2159F4BE2CFE06DD006DEAA7 /* FormViewModel.swift */,
			);
			path = Form;
			sourceTree = "<group>";
		};
/* End PBXGroup section */

/* Begin PBXNativeTarget section */
		2159F48F2CFDFD95006DEAA7 /* Swift_OpenWeather */ = {
			isa = PBXNativeTarget;
			buildConfigurationList = 2159F4A02CFDFD96006DEAA7 /* Build configuration list for PBXNativeTarget "Swift_OpenWeather" */;
			buildPhases = (
				2159F48C2CFDFD95006DEAA7 /* Sources */,
				2159F48D2CFDFD95006DEAA7 /* Frameworks */,
				2159F48E2CFDFD95006DEAA7 /* Resources */,
			);
			buildRules = (
			);
			dependencies = (
			);
			name = Swift_OpenWeather;
			packageProductDependencies = (
			);
			productName = Swift_OpenWeather;
			productReference = 2159F4902CFDFD95006DEAA7 /* Swift_OpenWeather.app */;
			productType = "com.apple.product-type.application";
		};
/* End PBXNativeTarget section */

/* Begin PBXProject section */
		2159F4882CFDFD95006DEAA7 /* Project object */ = {
			isa = PBXProject;
			attributes = {
				BuildIndependentTargetsInParallel = 1;
				LastSwiftUpdateCheck = 1610;
				LastUpgradeCheck = 1610;
				TargetAttributes = {
					2159F48F2CFDFD95006DEAA7 = {
						CreatedOnToolsVersion = 16.1;
					};
				};
			};
			buildConfigurationList = 2159F48B2CFDFD95006DEAA7 /* Build configuration list for PBXProject "Swift_OpenWeather" */;
			developmentRegion = en;
			hasScannedForEncodings = 0;
			knownRegions = (
				en,
				Base,
			);
			mainGroup = 2159F4872CFDFD95006DEAA7;
			minimizedProjectReferenceProxies = 1;
			preferredProjectObjectVersion = 77;
			productRefGroup = 2159F4912CFDFD95006DEAA7 /* Products */;
			projectDirPath = "";
			projectRoot = "";
			targets = (
				2159F48F2CFDFD95006DEAA7 /* Swift_OpenWeather */,
			);
		};
/* End PBXProject section */

/* Begin PBXResourcesBuildPhase section */
		2159F48E2CFDFD95006DEAA7 /* Resources */ = {
			isa = PBXResourcesBuildPhase;
			buildActionMask = 2147483647;
			files = (
				2159F4AA2CFDFDA1006DEAA7 /* Preview Assets.xcassets in Resources */,
				2159F4AB2CFDFDA1006DEAA7 /* Assets.xcassets in Resources */,
			);
			runOnlyForDeploymentPostprocessing = 0;
		};
/* End PBXResourcesBuildPhase section */

/* Begin PBXSourcesBuildPhase section */
		2159F48C2CFDFD95006DEAA7 /* Sources */ = {
			isa = PBXSourcesBuildPhase;
			buildActionMask = 2147483647;
			files = (
				2159F4AC2CFDFDA1006DEAA7 /* FormView.swift in Sources */,
				2159F4CB2CFE0AFC006DEAA7 /* HomeViewModel.swift in Sources */,
				2159F4C22CFE07B2006DEAA7 /* WeatherService.swift in Sources */,
				2159F4B42CFDFE9C006DEAA7 /* HomeView.swift in Sources */,
				2159F4BF2CFE06E0006DEAA7 /* FormViewModel.swift in Sources */,
				2159F4AD2CFDFDA1006DEAA7 /* WeatherData.swift in Sources */,
				2159F4CD2CFE2C7D006DEAA7 /* ForecastData.swift in Sources */,
				2159F4AE2CFDFDA1006DEAA7 /* Swift_OpenWeatherApp.swift in Sources */,
			);
			runOnlyForDeploymentPostprocessing = 0;
		};
/* End PBXSourcesBuildPhase section */

/* Begin XCBuildConfiguration section */
		2159F49E2CFDFD96006DEAA7 /* Debug */ = {
			isa = XCBuildConfiguration;
			buildSettings = {
				ALWAYS_SEARCH_USER_PATHS = NO;
				ASSETCATALOG_COMPILER_GENERATE_SWIFT_ASSET_SYMBOL_EXTENSIONS = YES;
				CLANG_ANALYZER_NONNULL = YES;
				CLANG_ANALYZER_NUMBER_OBJECT_CONVERSION = YES_AGGRESSIVE;
				CLANG_CXX_LANGUAGE_STANDARD = "gnu++20";
				CLANG_ENABLE_MODULES = YES;
				CLANG_ENABLE_OBJC_ARC = YES;
				CLANG_ENABLE_OBJC_WEAK = YES;
				CLANG_WARN_BLOCK_CAPTURE_AUTORELEASING = YES;
				CLANG_WARN_BOOL_CONVERSION = YES;
				CLANG_WARN_COMMA = YES;
				CLANG_WARN_CONSTANT_CONVERSION = YES;
				CLANG_WARN_DEPRECATED_OBJC_IMPLEMENTATIONS = YES;
				CLANG_WARN_DIRECT_OBJC_ISA_USAGE = YES_ERROR;
				CLANG_WARN_DOCUMENTATION_COMMENTS = YES;
				CLANG_WARN_EMPTY_BODY = YES;
				CLANG_WARN_ENUM_CONVERSION = YES;
				CLANG_WARN_INFINITE_RECURSION = YES;
				CLANG_WARN_INT_CONVERSION = YES;
				CLANG_WARN_NON_LITERAL_NULL_CONVERSION = YES;
				CLANG_WARN_OBJC_IMPLICIT_RETAIN_SELF = YES;
				CLANG_WARN_OBJC_LITERAL_CONVERSION = YES;
				CLANG_WARN_OBJC_ROOT_CLASS = YES_ERROR;
				CLANG_WARN_QUOTED_INCLUDE_IN_FRAMEWORK_HEADER = YES;
				CLANG_WARN_RANGE_LOOP_ANALYSIS = YES;
				CLANG_WARN_STRICT_PROTOTYPES = YES;
				CLANG_WARN_SUSPICIOUS_MOVE = YES;
				CLANG_WARN_UNGUARDED_AVAILABILITY = YES_AGGRESSIVE;
				CLANG_WARN_UNREACHABLE_CODE = YES;
				CLANG_WARN__DUPLICATE_METHOD_MATCH = YES;
				COPY_PHASE_STRIP = NO;
				DEBUG_INFORMATION_FORMAT = dwarf;
				ENABLE_STRICT_OBJC_MSGSEND = YES;
				ENABLE_TESTABILITY = YES;
				ENABLE_USER_SCRIPT_SANDBOXING = YES;
				GCC_C_LANGUAGE_STANDARD = gnu17;
				GCC_DYNAMIC_NO_PIC = NO;
				GCC_NO_COMMON_BLOCKS = YES;
				GCC_OPTIMIZATION_LEVEL = 0;
				GCC_PREPROCESSOR_DEFINITIONS = (
					"DEBUG=1",
					"$(inherited)",
				);
				GCC_WARN_64_TO_32_BIT_CONVERSION = YES;
				GCC_WARN_ABOUT_RETURN_TYPE = YES_ERROR;
				GCC_WARN_UNDECLARED_SELECTOR = YES;
				GCC_WARN_UNINITIALIZED_AUTOS = YES_AGGRESSIVE;
				GCC_WARN_UNUSED_FUNCTION = YES;
				GCC_WARN_UNUSED_VARIABLE = YES;
				IPHONEOS_DEPLOYMENT_TARGET = 18.1;
				LOCALIZATION_PREFERS_STRING_CATALOGS = YES;
				MTL_ENABLE_DEBUG_INFO = INCLUDE_SOURCE;
				MTL_FAST_MATH = YES;
				ONLY_ACTIVE_ARCH = YES;
				SDKROOT = iphoneos;
				SWIFT_ACTIVE_COMPILATION_CONDITIONS = "DEBUG $(inherited)";
				SWIFT_OPTIMIZATION_LEVEL = "-Onone";
			};
			name = Debug;
		};
		2159F49F2CFDFD96006DEAA7 /* Release */ = {
			isa = XCBuildConfiguration;
			buildSettings = {
				ALWAYS_SEARCH_USER_PATHS = NO;
				ASSETCATALOG_COMPILER_GENERATE_SWIFT_ASSET_SYMBOL_EXTENSIONS = YES;
				CLANG_ANALYZER_NONNULL = YES;
				CLANG_ANALYZER_NUMBER_OBJECT_CONVERSION = YES_AGGRESSIVE;
				CLANG_CXX_LANGUAGE_STANDARD = "gnu++20";
				CLANG_ENABLE_MODULES = YES;
				CLANG_ENABLE_OBJC_ARC = YES;
				CLANG_ENABLE_OBJC_WEAK = YES;
				CLANG_WARN_BLOCK_CAPTURE_AUTORELEASING = YES;
				CLANG_WARN_BOOL_CONVERSION = YES;
				CLANG_WARN_COMMA = YES;
				CLANG_WARN_CONSTANT_CONVERSION = YES;
				CLANG_WARN_DEPRECATED_OBJC_IMPLEMENTATIONS = YES;
				CLANG_WARN_DIRECT_OBJC_ISA_USAGE = YES_ERROR;
				CLANG_WARN_DOCUMENTATION_COMMENTS = YES;
				CLANG_WARN_EMPTY_BODY = YES;
				CLANG_WARN_ENUM_CONVERSION = YES;
				CLANG_WARN_INFINITE_RECURSION = YES;
				CLANG_WARN_INT_CONVERSION = YES;
				CLANG_WARN_NON_LITERAL_NULL_CONVERSION = YES;
				CLANG_WARN_OBJC_IMPLICIT_RETAIN_SELF = YES;
				CLANG_WARN_OBJC_LITERAL_CONVERSION = YES;
				CLANG_WARN_OBJC_ROOT_CLASS = YES_ERROR;
				CLANG_WARN_QUOTED_INCLUDE_IN_FRAMEWORK_HEADER = YES;
				CLANG_WARN_RANGE_LOOP_ANALYSIS = YES;
				CLANG_WARN_STRICT_PROTOTYPES = YES;
				CLANG_WARN_SUSPICIOUS_MOVE = YES;
				CLANG_WARN_UNGUARDED_AVAILABILITY = YES_AGGRESSIVE;
				CLANG_WARN_UNREACHABLE_CODE = YES;
				CLANG_WARN__DUPLICATE_METHOD_MATCH = YES;
				COPY_PHASE_STRIP = NO;
				DEBUG_INFORMATION_FORMAT = "dwarf-with-dsym";
				ENABLE_NS_ASSERTIONS = NO;
				ENABLE_STRICT_OBJC_MSGSEND = YES;
				ENABLE_USER_SCRIPT_SANDBOXING = YES;
				GCC_C_LANGUAGE_STANDARD = gnu17;
				GCC_NO_COMMON_BLOCKS = YES;
				GCC_WARN_64_TO_32_BIT_CONVERSION = YES;
				GCC_WARN_ABOUT_RETURN_TYPE = YES_ERROR;
				GCC_WARN_UNDECLARED_SELECTOR = YES;
				GCC_WARN_UNINITIALIZED_AUTOS = YES_AGGRESSIVE;
				GCC_WARN_UNUSED_FUNCTION = YES;
				GCC_WARN_UNUSED_VARIABLE = YES;
				IPHONEOS_DEPLOYMENT_TARGET = 18.1;
				LOCALIZATION_PREFERS_STRING_CATALOGS = YES;
				MTL_ENABLE_DEBUG_INFO = NO;
				MTL_FAST_MATH = YES;
				SDKROOT = iphoneos;
				SWIFT_COMPILATION_MODE = wholemodule;
				VALIDATE_PRODUCT = YES;
			};
			name = Release;
		};
		2159F4A12CFDFD96006DEAA7 /* Debug */ = {
			isa = XCBuildConfiguration;
			buildSettings = {
				ASSETCATALOG_COMPILER_APPICON_NAME = AppIcon;
				ASSETCATALOG_COMPILER_GLOBAL_ACCENT_COLOR_NAME = AccentColor;
				CODE_SIGN_STYLE = Automatic;
				CURRENT_PROJECT_VERSION = 1;
				DEVELOPMENT_ASSET_PATHS = "\"Swift_OpenWeather/Preview Content\"";
				DEVELOPMENT_TEAM = H3779UJ6B2;
				ENABLE_PREVIEWS = YES;
				GENERATE_INFOPLIST_FILE = YES;
				INFOPLIST_KEY_UIApplicationSceneManifest_Generation = YES;
				INFOPLIST_KEY_UIApplicationSupportsIndirectInputEvents = YES;
				INFOPLIST_KEY_UILaunchScreen_Generation = YES;
				INFOPLIST_KEY_UISupportedInterfaceOrientations_iPad = "UIInterfaceOrientationPortrait UIInterfaceOrientationPortraitUpsideDown UIInterfaceOrientationLandscapeLeft UIInterfaceOrientationLandscapeRight";
				INFOPLIST_KEY_UISupportedInterfaceOrientations_iPhone = "UIInterfaceOrientationPortrait UIInterfaceOrientationLandscapeLeft UIInterfaceOrientationLandscapeRight";
				LD_RUNPATH_SEARCH_PATHS = (
					"$(inherited)",
					"@executable_path/Frameworks",
				);
				MARKETING_VERSION = 1.0;
				PRODUCT_BUNDLE_IDENTIFIER = "com.balya.Swift-OpenWeather";
				PRODUCT_NAME = "$(TARGET_NAME)";
				SWIFT_EMIT_LOC_STRINGS = YES;
				SWIFT_VERSION = 5.0;
				TARGETED_DEVICE_FAMILY = "1,2";
			};
			name = Debug;
		};
		2159F4A22CFDFD96006DEAA7 /* Release */ = {
			isa = XCBuildConfiguration;
			buildSettings = {
				ASSETCATALOG_COMPILER_APPICON_NAME = AppIcon;
				ASSETCATALOG_COMPILER_GLOBAL_ACCENT_COLOR_NAME = AccentColor;
				CODE_SIGN_STYLE = Automatic;
				CURRENT_PROJECT_VERSION = 1;
				DEVELOPMENT_ASSET_PATHS = "\"Swift_OpenWeather/Preview Content\"";
				DEVELOPMENT_TEAM = H3779UJ6B2;
				ENABLE_PREVIEWS = YES;
				GENERATE_INFOPLIST_FILE = YES;
				INFOPLIST_KEY_UIApplicationSceneManifest_Generation = YES;
				INFOPLIST_KEY_UIApplicationSupportsIndirectInputEvents = YES;
				INFOPLIST_KEY_UILaunchScreen_Generation = YES;
				INFOPLIST_KEY_UISupportedInterfaceOrientations_iPad = "UIInterfaceOrientationPortrait UIInterfaceOrientationPortraitUpsideDown UIInterfaceOrientationLandscapeLeft UIInterfaceOrientationLandscapeRight";
				INFOPLIST_KEY_UISupportedInterfaceOrientations_iPhone = "UIInterfaceOrientationPortrait UIInterfaceOrientationLandscapeLeft UIInterfaceOrientationLandscapeRight";
				LD_RUNPATH_SEARCH_PATHS = (
					"$(inherited)",
					"@executable_path/Frameworks",
				);
				MARKETING_VERSION = 1.0;
				PRODUCT_BUNDLE_IDENTIFIER = "com.balya.Swift-OpenWeather";
				PRODUCT_NAME = "$(TARGET_NAME)";
				SWIFT_EMIT_LOC_STRINGS = YES;
				SWIFT_VERSION = 5.0;
				TARGETED_DEVICE_FAMILY = "1,2";
			};
			name = Release;
		};
/* End XCBuildConfiguration section */

/* Begin XCConfigurationList section */
		2159F48B2CFDFD95006DEAA7 /* Build configuration list for PBXProject "Swift_OpenWeather" */ = {
			isa = XCConfigurationList;
			buildConfigurations = (
				2159F49E2CFDFD96006DEAA7 /* Debug */,
				2159F49F2CFDFD96006DEAA7 /* Release */,
			);
			defaultConfigurationIsVisible = 0;
			defaultConfigurationName = Release;
		};
		2159F4A02CFDFD96006DEAA7 /* Build configuration list for PBXNativeTarget "Swift_OpenWeather" */ = {
			isa = XCConfigurationList;
			buildConfigurations = (
				2159F4A12CFDFD96006DEAA7 /* Debug */,
				2159F4A22CFDFD96006DEAA7 /* Release */,
			);
			defaultConfigurationIsVisible = 0;
			defaultConfigurationName = Release;
		};
/* End XCConfigurationList section */
	};
	rootObject = 2159F4882CFDFD95006DEAA7 /* Project object */;
}
